schema: '2.0'
stages:
  data_ingestion:
    cmd: python src/data/data_ingestion.py
    deps:
    - path: src/data/data_ingestion.py
      hash: md5
      md5: f67624a3d3163dd712957b3e4a38c762
      size: 3454
    params:
      params.yaml:
        data_ingestion.test_size: 0.2
    outs:
    - path: data/raw
      hash: md5
      md5: 6d7c9717b531961233cd66af69381384.dir
      size: 817597
      nfiles: 2
  data_preprocessing:
    cmd: python src/data/data_preprocessing.py
    deps:
    - path: data/raw
      hash: md5
      md5: 6d7c9717b531961233cd66af69381384.dir
      size: 817597
      nfiles: 2
    - path: src/data/data_preprocessing.py
      hash: md5
      md5: 8ca3d514b2b183cc17ecd154efedb492
      size: 3900
    outs:
    - path: data/interim
      hash: md5
      md5: 5272793cc3d1ae26222b405b62627d4a.dir
      size: 562257
      nfiles: 2
  feature_engineering:
    cmd: python src/features/feature_engineering.py
    deps:
    - path: data/interim
      hash: md5
      md5: 5272793cc3d1ae26222b405b62627d4a.dir
      size: 562257
      nfiles: 2
    - path: src/features/feature_engineering.py
      hash: md5
      md5: 814dc8e94b675944f5b86237f684cc15
      size: 3775
    params:
      params.yaml:
        feature_engineering.max_features: 3600
    outs:
    - path: data/processed
      hash: md5
      md5: aab0c6f753936a8b9a5a1e0820764e91.dir
      size: 74747340
      nfiles: 2
    - path: models/vectorizer.pkl
      hash: md5
      md5: aa0f95a581d7e9feeea96cd95da4ecda
      size: 99889
  model_building:
    cmd: python src/model/model_building.py
    deps:
    - path: data/processed
      hash: md5
      md5: aab0c6f753936a8b9a5a1e0820764e91.dir
      size: 74747340
      nfiles: 2
    - path: src/model/model_building.py
      hash: md5
      md5: 4d89bb8181366c524ab585b55705b265
      size: 2298
    outs:
    - path: models/model.pkl
      hash: md5
      md5: fd321452968440378f3543e83ba6e3ef
      size: 29517
  model_evaluation:
    cmd: python src/model/model_evaluation.py
    deps:
    - path: models/model.pkl
      hash: md5
      md5: fd321452968440378f3543e83ba6e3ef
      size: 29517
    - path: src/model/model_evaluation.py
      hash: md5
      md5: fe59c9c6765c5fe22f59654a479bb036
      size: 5723
    outs:
    - path: reports/experiment_info.json
      hash: md5
      md5: 59635b32a6a34ca6f014f88f47b40ea6
      size: 79
    - path: reports/metrics.json
      hash: md5
      md5: 4c0d0cbace24d64659c7b05b576608a6
      size: 140
  model_registration:
    cmd: python src/model/register_model.py
    deps:
    - path: reports/experiment_info.json
      hash: md5
      md5: 59635b32a6a34ca6f014f88f47b40ea6
      size: 79
    - path: src/model/register_model.py
      hash: md5
      md5: ddec4ad25837c4d1ea48452986892787
      size: 2970
